
Microsoft Visual Studio Solution File, Format Version 12.00
# Visual Studio 15
VisualStudioVersion = 15.0.28010.2016
MinimumVisualStudioVersion = 10.0.40219.1
Project("{FAE04EC0-301F-11D3-BF4B-00C04F79EFBC}") = "EmployeePayroll", "EmployeePayroll\EmployeePayroll.csproj", "{782F73E9-9A72-4444-A384-BB7986C066DE}"
EndProject
Project("{FAE04EC0-301F-11D3-BF4B-00C04F79EFBC}") = "Polymorphism.Tests", "Polymorphism.Tests\Polymorphism.Tests.csproj", "{CE811A99-8ABB-4199-AA91-D7E5D2CE6854}"
EndProject
Global
	GlobalSection(SolutionConfigurationPlatforms) = preSolution
		Debug|Any CPU = Debug|Any CPU
		Release|Any CPU = Release|Any CPU
	EndGlobalSection
	GlobalSection(ProjectConfigurationPlatforms) = postSolution
		{782F73E9-9A72-4444-A384-BB7986C066DE}.Debug|Any CPU.ActiveCfg = Debug|Any CPU
		{782F73E9-9A72-4444-A384-BB7986C066DE}.Debug|Any CPU.Build.0 = Debug|Any CPU
		{782F73E9-9A72-4444-A384-BB7986C066DE}.Release|Any CPU.ActiveCfg = Release|Any CPU
		{782F73E9-9A72-4444-A384-BB7986C066DE}.Release|Any CPU.Build.0 = Release|Any CPU
		{CE811A99-8ABB-4199-AA91-D7E5D2CE6854}.Debug|Any CPU.ActiveCfg = Debug|Any CPU
		{CE811A99-8ABB-4199-AA91-D7E5D2CE6854}.Debug|Any CPU.Build.0 = Debug|Any CPU
		{CE811A99-8ABB-4199-AA91-D7E5D2CE6854}.Release|Any CPU.ActiveCfg = Release|Any CPU
		{CE811A99-8ABB-4199-AA91-D7E5D2CE6854}.Release|Any CPU.Build.0 = Release|Any CPU
	EndGlobalSection
	GlobalSection(SolutionProperties) = preSolution
		HideSolutionNode = FALSE
	EndGlobalSection
	GlobalSection(ExtensibilityGlobals) = postSolution
		SolutionGuid = {E6B8EF52-21E9-468E-9FA8-F425E762DAE2}
	EndGlobalSection
EndGlobal
